Microsoft Visual Studio Solution File, Format Version 11.00
# Visual Studio 2008

Project("{FC265E17-CD3B-9E65-0BCC-D84EE5C6FC67}") = "Oculus_Gun", "Assembly-CSharp.csproj", "{62D2F915-1977-9FC7-AB6C-5C37C6008D7F}"
EndProject
Project("{FC265E17-CD3B-9E65-0BCC-D84EE5C6FC67}") = "Oculus_Gun", "Assembly-CSharp-Editor.csproj", "{A10654FA-A73E-5FED-A911-48FC2B75C356}"
EndProject
Global
	GlobalSection(SolutionConfigurationPlatforms) = preSolution
		Debug|Any CPU = Debug|Any CPU
		Release|Any CPU = Release|Any CPU
	EndGlobalSection
	GlobalSection(ProjectConfigurationPlatforms) = postSolution
		{62D2F915-1977-9FC7-AB6C-5C37C6008D7F}.Debug|Any CPU.ActiveCfg = Debug|Any CPU
		{62D2F915-1977-9FC7-AB6C-5C37C6008D7F}.Debug|Any CPU.Build.0 = Debug|Any CPU
		{62D2F915-1977-9FC7-AB6C-5C37C6008D7F}.Release|Any CPU.ActiveCfg = Release|Any CPU
		{62D2F915-1977-9FC7-AB6C-5C37C6008D7F}.Release|Any CPU.Build.0 = Release|Any CPU
		{A10654FA-A73E-5FED-A911-48FC2B75C356}.Debug|Any CPU.ActiveCfg = Debug|Any CPU
		{A10654FA-A73E-5FED-A911-48FC2B75C356}.Debug|Any CPU.Build.0 = Debug|Any CPU
		{A10654FA-A73E-5FED-A911-48FC2B75C356}.Release|Any CPU.ActiveCfg = Release|Any CPU
		{A10654FA-A73E-5FED-A911-48FC2B75C356}.Release|Any CPU.Build.0 = Release|Any CPU
	EndGlobalSection
	GlobalSection(SolutionProperties) = preSolution
		HideSolutionNode = FALSE
	EndGlobalSection
	GlobalSection(MonoDevelopProperties) = preSolution
		StartupItem = Assembly-CSharp.csproj
	EndGlobalSection
EndGlobal
